GEM
  remote: https://rubygems.org/
  specs:
    activesupport (4.2.11.3)
      i18n (~> 0.7)
      minitest (~> 5.1)
      thread_safe (~> 0.3, >= 0.3.4)
      tzinfo (~> 1.1)
    addressable (2.8.8)
      public_suffix (>= 2.0.2, < 8.0)
    async (1.32.1)
      console (~> 1.10)
      nio4r (~> 2.3)
      timers (~> 4.1)
    async-io (1.32.1)
      async (~> 1.14)
    aws-eventstream (1.4.0)
    aws-partitions (1.1190.0)
    aws-sdk-core (3.239.2)
      aws-eventstream (~> 1, >= 1.3.0)
      aws-partitions (~> 1, >= 1.992.0)
      aws-sigv4 (~> 1.9)
      base64
      bigdecimal
      jmespath (~> 1, >= 1.6.1)
      logger
    aws-sdk-ec2 (1.583.0)
      aws-sdk-core (~> 3, >= 3.239.1)
      aws-sigv4 (~> 1.5)
    aws-sdk-kms (1.118.0)
      aws-sdk-core (~> 3, >= 3.239.1)
      aws-sigv4 (~> 1.5)
    aws-sdk-s3 (1.206.0)
      aws-sdk-core (~> 3, >= 3.234.0)
      aws-sdk-kms (~> 1)
      aws-sigv4 (~> 1.5)
    aws-sigv4 (1.12.1)
      aws-eventstream (~> 1, >= 1.0.2)
    base64 (0.3.0)
    bigdecimal (3.3.1)
    builder (3.3.0)
    concurrent-ruby (1.3.5)
    console (1.15.3)
      fiber-local
    curb (1.2.2)
    deep_merge (1.2.2)
    dry-configurable (1.3.0)
      dry-core (~> 1.1)
      zeitwerk (~> 2.6)
    dry-core (1.1.0)
      concurrent-ruby (~> 1.0)
      logger
      zeitwerk (~> 2.6)
    dry-inflector (1.2.0)
    dry-initializer (3.2.0)
    dry-logic (1.6.0)
      bigdecimal
      concurrent-ruby (~> 1.0)
      dry-core (~> 1.1)
      zeitwerk (~> 2.6)
    dry-schema (1.14.1)
      concurrent-ruby (~> 1.0)
      dry-configurable (~> 1.0, >= 1.0.1)
      dry-core (~> 1.1)
      dry-initializer (~> 3.2)
      dry-logic (~> 1.5)
      dry-types (~> 1.8)
      zeitwerk (~> 2.6)
    dry-types (1.8.3)
      bigdecimal (~> 3.0)
      concurrent-ruby (~> 1.0)
      dry-core (~> 1.0)
      dry-inflector (~> 1.0)
      dry-logic (~> 1.4)
      zeitwerk (~> 2.6)
    dry-validation (1.11.1)
      concurrent-ruby (~> 1.0)
      dry-core (~> 1.1)
      dry-initializer (~> 3.2)
      dry-schema (~> 1.14)
      zeitwerk (~> 2.6)
    faraday (1.10.4)
      faraday-em_http (~> 1.0)
      faraday-em_synchrony (~> 1.0)
      faraday-excon (~> 1.1)
      faraday-httpclient (~> 1.0)
      faraday-multipart (~> 1.0)
      faraday-net_http (~> 1.0)
      faraday-net_http_persistent (~> 1.0)
      faraday-patron (~> 1.0)
      faraday-rack (~> 1.0)
      faraday-retry (~> 1.0)
      ruby2_keywords (>= 0.0.4)
    faraday-em_http (1.0.0)
    faraday-em_synchrony (1.0.1)
    faraday-excon (1.1.0)
    faraday-httpclient (1.0.1)
    faraday-multipart (1.1.1)
      multipart-post (~> 2.0)
    faraday-net_http (1.0.2)
    faraday-net_http_persistent (1.2.0)
    faraday-patron (1.0.0)
    faraday-rack (1.0.0)
    faraday-retry (1.0.3)
    faraday_middleware (1.2.1)
      faraday (~> 1.0)
    ffi (1.17.2)
    ffi (1.17.2-aarch64-linux-gnu)
    ffi (1.17.2-aarch64-linux-musl)
    ffi (1.17.2-arm-linux-gnu)
    ffi (1.17.2-arm-linux-musl)
    ffi (1.17.2-arm64-darwin)
    ffi (1.17.2-x86-linux-gnu)
    ffi (1.17.2-x86-linux-musl)
    ffi (1.17.2-x86_64-darwin)
    ffi (1.17.2-x86_64-linux-gnu)
    ffi (1.17.2-x86_64-linux-musl)
    ffi-rzmq (2.0.7)
      ffi-rzmq-core (>= 1.0.7)
    ffi-rzmq-core (1.0.7)
      ffi
    fiber-local (1.1.0)
      fiber-storage
    fiber-storage (1.0.1)
    git (1.19.1)
      addressable (~> 2.8)
      rchardet (~> 1.8)
    gnuplot (2.6.2)
    google-protobuf (4.33.1)
      bigdecimal
      rake (>= 13)
    google-protobuf (4.33.1-aarch64-linux-gnu)
      bigdecimal
      rake (>= 13)
    google-protobuf (4.33.1-aarch64-linux-musl)
      bigdecimal
      rake (>= 13)
    google-protobuf (4.33.1-arm64-darwin)
      bigdecimal
      rake (>= 13)
    google-protobuf (4.33.1-x86-linux-gnu)
      bigdecimal
      rake (>= 13)
    google-protobuf (4.33.1-x86-linux-musl)
      bigdecimal
      rake (>= 13)
    google-protobuf (4.33.1-x86_64-darwin)
      bigdecimal
      rake (>= 13)
    google-protobuf (4.33.1-x86_64-linux-gnu)
      bigdecimal
      rake (>= 13)
    google-protobuf (4.33.1-x86_64-linux-musl)
      bigdecimal
      rake (>= 13)
    googleapis-common-protos-types (1.22.0)
      google-protobuf (~> 4.26)
    grpc (1.76.0)
      google-protobuf (>= 3.25, < 5.0)
      googleapis-common-protos-types (~> 1.0)
    grpc (1.76.0-aarch64-linux-gnu)
      google-protobuf (>= 3.25, < 5.0)
      googleapis-common-protos-types (~> 1.0)
    grpc (1.76.0-aarch64-linux-musl)
      google-protobuf (>= 3.25, < 5.0)
      googleapis-common-protos-types (~> 1.0)
    grpc (1.76.0-arm64-darwin)
      google-protobuf (>= 3.25, < 5.0)
      googleapis-common-protos-types (~> 1.0)
    grpc (1.76.0-x86-linux-gnu)
      google-protobuf (>= 3.25, < 5.0)
      googleapis-common-protos-types (~> 1.0)
    grpc (1.76.0-x86-linux-musl)
      google-protobuf (>= 3.25, < 5.0)
      googleapis-common-protos-types (~> 1.0)
    grpc (1.76.0-x86_64-darwin)
      google-protobuf (>= 3.25, < 5.0)
      googleapis-common-protos-types (~> 1.0)
    grpc (1.76.0-x86_64-linux-gnu)
      google-protobuf (>= 3.25, < 5.0)
      googleapis-common-protos-types (~> 1.0)
    grpc (1.76.0-x86_64-linux-musl)
      google-protobuf (>= 3.25, < 5.0)
      googleapis-common-protos-types (~> 1.0)
    hcl_parser (0.2.2)
      rhcl
    highline (1.7.10)
    i18n (0.9.5)
      concurrent-ruby (~> 1.0)
    ipaddress (0.8.3)
    jmespath (1.6.2)
    json (2.16.0)
    lockfile (2.1.3)
    logger (1.7.0)
    mini_portile2 (2.8.9)
    minitest (5.26.2)
    multi_json (1.18.0)
    multipart-post (2.4.1)
    mustermann (3.0.4)
      ruby2_keywords (~> 0.0.1)
    mysql2 (0.5.7)
      bigdecimal
    net-ldap (0.20.0)
      base64
      ostruct
    nio4r (2.7.5)
    nokogiri (1.18.10)
      mini_portile2 (~> 2.8.2)
      racc (~> 1.4)
    nokogiri (1.18.10-aarch64-linux-gnu)
      racc (~> 1.4)
    nokogiri (1.18.10-aarch64-linux-musl)
      racc (~> 1.4)
    nokogiri (1.18.10-arm-linux-gnu)
      racc (~> 1.4)
    nokogiri (1.18.10-arm-linux-musl)
      racc (~> 1.4)
    nokogiri (1.18.10-arm64-darwin)
      racc (~> 1.4)
    nokogiri (1.18.10-x86_64-darwin)
      racc (~> 1.4)
    nokogiri (1.18.10-x86_64-linux-gnu)
      racc (~> 1.4)
    nokogiri (1.18.10-x86_64-linux-musl)
      racc (~> 1.4)
    optimist (3.2.1)
    ostruct (0.6.3)
    ox (2.14.23)
      bigdecimal (>= 3.0)
    parse-cron (0.1.4)
    polyglot (0.3.5)
    prometheus-client (4.2.5)
      base64
    public_suffix (7.0.0)
    puma (7.1.0)
      nio4r (~> 2.0)
    racc (1.8.1)
    rack (3.2.4)
    rack-protection (4.2.1)
      base64 (>= 0.1.0)
      logger (>= 1.6.0)
      rack (>= 3.0.0, < 4)
    rack-session (2.1.1)
      base64 (>= 0.1.0)
      rack (>= 3.0.0)
    rackup (2.2.1)
      rack (>= 3)
    rake (13.3.1)
    rbvmomi2 (3.8.0)
      builder (~> 3.2)
      json (~> 2.3)
      nokogiri (~> 1.12, >= 1.12.5)
      optimist (~> 3.0)
    rchardet (1.10.0)
    rexml (3.4.4)
    rhcl (0.1.0)
      deep_merge
    ruby-augeas (0.6.0)
    ruby-saml (1.18.1)
      nokogiri (>= 1.13.10)
      rexml
    ruby2_keywords (0.0.5)
    sequel (5.99.0)
      bigdecimal
    sinatra (4.2.1)
      logger (>= 1.6.0)
      mustermann (~> 3.0)
      rack (>= 3.0.0, < 4)
      rack-protection (= 4.2.1)
      rack-session (>= 2.0.0, < 3)
      tilt (~> 2.0)
    sinatra-contrib (4.2.1)
      multi_json (>= 0.0.2)
      mustermann (~> 3.0)
      rack-protection (= 4.2.1)
      sinatra (= 4.2.1)
      tilt (~> 2.0)
    sqlite3 (2.8.1)
      mini_portile2 (~> 2.8.0)
    sqlite3 (2.8.1-aarch64-linux-gnu)
    sqlite3 (2.8.1-aarch64-linux-musl)
    sqlite3 (2.8.1-arm-linux-gnu)
    sqlite3 (2.8.1-arm-linux-musl)
    sqlite3 (2.8.1-arm64-darwin)
    sqlite3 (2.8.1-x86-linux-gnu)
    sqlite3 (2.8.1-x86-linux-musl)
    sqlite3 (2.8.1-x86_64-darwin)
    sqlite3 (2.8.1-x86_64-linux-gnu)
    sqlite3 (2.8.1-x86_64-linux-musl)
    thread_safe (0.3.6)
    tilt (2.6.1)
    timers (4.4.0)
    treetop (1.6.18)
      polyglot (~> 0.3)
    tzinfo (1.2.11)
      thread_safe (~> 0.1)
    uuidtools (3.0.0)
    webrick (1.9.2)
    xmlrpc (0.3.3)
      webrick
    zeitwerk (2.7.3)

PLATFORMS
  aarch64-linux-gnu
  aarch64-linux-musl
  arm-linux-gnu
  arm-linux-musl
  arm64-darwin
  ruby
  x86-linux-gnu
  x86-linux-musl
  x86_64-darwin
  x86_64-linux-gnu
  x86_64-linux-musl

DEPENDENCIES
  activesupport (~> 4.2)
  async-io (= 1.32.1)
  aws-sdk-ec2 (>= 1.151)
  aws-sdk-s3
  console (= 1.15.3)
  curb
  dry-validation (~> 1.10)
  faraday_middleware (~> 1.2.0)
  ffi-rzmq (~> 2.0.7)
  git (~> 1.5)
  gnuplot
  grpc
  hcl_parser (~> 0.2.2)
  highline (~> 1.7)
  i18n (~> 0.9)
  ipaddress (~> 0.8.3)
  json (>= 2.0)
  lockfile (~> 2.1, >= 2.1.3)
  mini_portile2
  minitest
  mysql2
  net-ldap
  nokogiri
  ox
  parse-cron
  prometheus-client
  public_suffix
  puma
  rack
  rackup
  rbvmomi2
  rexml
  ruby-augeas
  ruby-saml
  sequel
  sinatra
  sinatra-contrib
  sqlite3
  treetop (>= 1.6.3)
  uuidtools
  xmlrpc

CHECKSUMS
  activesupport (4.2.11.3) sha256=515015c5b8c7b35af33f5911c14248b06438c25fda60905965ba8d3c2237e372
  addressable (2.8.8) sha256=7c13b8f9536cf6364c03b9d417c19986019e28f7c00ac8132da4eb0fe393b057
  async (1.32.1) sha256=6bd5ea7976d20a7fb7e80e4c63b062cb1cfff87bf037383919a0808c333d680b
  async-io (1.32.1) sha256=6aa0d6f8f47e22158a7092e4733327bbdc0e2396dece61ba562da6c3ed63a8fc
  aws-eventstream (1.4.0) sha256=116bf85c436200d1060811e6f5d2d40c88f65448f2125bc77ffce5121e6e183b
  aws-partitions (1.1190.0) sha256=3e21ce1c99329a96fb71419a5d92d0cece5b276a9f47bc91d6a1290450fb3669
  aws-sdk-core (3.239.2) sha256=a6801845ee0bdb061a3f9fb488136f3a585d51ff05b77063a9e228c9539cf239
  aws-sdk-ec2 (1.583.0) sha256=d35d4f58811b7619b27f2919f6b88ad87ef764974dfdf05b506d8bc7a2693e15
  aws-sdk-kms (1.118.0) sha256=c9c751596d4f1502adac857c90010f00a9a52370b78e170acb198af7fa716fbd
  aws-sdk-s3 (1.206.0) sha256=85f9e4681bbcf105c4659da30deeb535ea7c36aa2a43b61cb665f6b957d12aed
  aws-sigv4 (1.12.1) sha256=6973ff95cb0fd0dc58ba26e90e9510a2219525d07620c8babeb70ef831826c00
  base64 (0.3.0) sha256=27337aeabad6ffae05c265c450490628ef3ebd4b67be58257393227588f5a97b
  bigdecimal (3.3.1) sha256=eaa01e228be54c4f9f53bf3cc34fe3d5e845c31963e7fcc5bedb05a4e7d52218
  builder (3.3.0) sha256=497918d2f9dca528fdca4b88d84e4ef4387256d984b8154e9d5d3fe5a9c8835f
  concurrent-ruby (1.3.5) sha256=813b3e37aca6df2a21a3b9f1d497f8cbab24a2b94cab325bffe65ee0f6cbebc6
  console (1.15.3) sha256=60c111c2beedbc640af829ccb4e1e20845a947ab0c54f75cab1f4256a9b04ef3
  curb (1.2.2) sha256=64ebccac50bd682bedb58a8b5456295c46a4eed67e84111f2d79041e1b6bacc7
  deep_merge (1.2.2) sha256=83ced3a3d7f95f67de958d2ce41b1874e83c8d94fe2ddbff50c8b4b82323563a
  dry-configurable (1.3.0) sha256=882d862858567fc1210d2549d4c090f34370fc1bb7c5c1933de3fe792e18afa8
  dry-core (1.1.0) sha256=0903821a9707649a7da545a2cd88e20f3a663ab1c5288abd7f914fa7751ab195
  dry-inflector (1.2.0) sha256=22f5d0b50fd57074ae57e2ca17e3b300e57564c218269dcf82ff3e42d3f38f2e
  dry-initializer (3.2.0) sha256=37d59798f912dc0a1efe14a4db4a9306989007b302dcd5f25d0a2a20c166c4e3
  dry-logic (1.6.0) sha256=da6fedbc0f90fc41f9b0cc7e6f05f5d529d1efaef6c8dcc8e0733f685745cea2
  dry-schema (1.14.1) sha256=2fcd7539a7099cacae6a22f6a3a2c1846fe5afeb1c841cde432c89c6cb9b9ff1
  dry-types (1.8.3) sha256=b5d97a45e0ed273131c0c3d5bc9f5633c2d1242e092ee47401ce7d5eab65c1bc
  dry-validation (1.11.1) sha256=70900bb5a2d911c8aab566d3e360c6bff389b8bf92ea8e04885ce51c41ff8085
  faraday (1.10.4) sha256=a384c541cde688d68bf85055723aecb4100c3fa41b53beb2011b245960ab2f19
  faraday-em_http (1.0.0) sha256=7a3d4c7079789121054f57e08cd4ef7e40ad1549b63101f38c7093a9d6c59689
  faraday-em_synchrony (1.0.1) sha256=bf3ce45dcf543088d319ab051f80985ea6d294930635b7a0b966563179f81750
  faraday-excon (1.1.0) sha256=b055c842376734d7f74350fe8611542ae2000c5387348d9ba9708109d6e40940
  faraday-httpclient (1.0.1) sha256=4c8ff1f0973ff835be8d043ef16aaf54f47f25b7578f6d916deee8399a04d33b
  faraday-multipart (1.1.1) sha256=77a18ff40149030fd1aef55bb4fc7a67ce46419a8a3fcd010e28c2526e8d8903
  faraday-net_http (1.0.2) sha256=63992efea42c925a20818cf3c0830947948541fdcf345842755510d266e4c682
  faraday-net_http_persistent (1.2.0) sha256=0b0cbc8f03dab943c3e1cc58d8b7beb142d9df068b39c718cd83e39260348335
  faraday-patron (1.0.0) sha256=dc2cd7b340bb3cc8e36bcb9e6e7eff43d134b6d526d5f3429c7a7680ddd38fa7
  faraday-rack (1.0.0) sha256=ef60ec969a2bb95b8dbf24400155aee64a00fc8ba6c6a4d3968562bcc92328c0
  faraday-retry (1.0.3) sha256=add154f4f399243cbe070806ed41b96906942e7f5259bb1fe6daf2ec8f497194
  faraday_middleware (1.2.1) sha256=d45b78c8ee864c4783fbc276f845243d4a7918a67301c052647bacabec0529e9
  ffi (1.17.2) sha256=297235842e5947cc3036ebe64077584bff583cd7a4e94e9a02fdec399ef46da6
  ffi (1.17.2-aarch64-linux-gnu) sha256=c910bd3cae70b76690418cce4572b7f6c208d271f323d692a067d59116211a1a
  ffi (1.17.2-aarch64-linux-musl) sha256=69e6556b091d45df83e6c3b19d3c54177c206910965155a6ec98de5e893c7b7c
  ffi (1.17.2-arm-linux-gnu) sha256=d4a438f2b40224ae42ec72f293b3ebe0ba2159f7d1bd47f8417e6af2f68dbaa5
  ffi (1.17.2-arm-linux-musl) sha256=977dfb7f3a6381206dbda9bc441d9e1f9366bf189a634559c3b7c182c497aaa3
  ffi (1.17.2-arm64-darwin) sha256=54dd9789be1d30157782b8de42d8f887a3c3c345293b57ffb6b45b4d1165f813
  ffi (1.17.2-x86-linux-gnu) sha256=95d8f9ebea23c39888e2ab85a02c98f54acb2f4e79b829250d7267ce741dc7b0
  ffi (1.17.2-x86-linux-musl) sha256=41741449bab2b9530f42a47baa5c26263925306fad0ac2d60887f51af2e3b24c
  ffi (1.17.2-x86_64-darwin) sha256=981f2d4e32ea03712beb26e55e972797c2c5a7b0257955d8667ba58f2da6440e
  ffi (1.17.2-x86_64-linux-gnu) sha256=05d2026fc9dbb7cfd21a5934559f16293815b7ce0314846fee2ac8efbdb823ea
  ffi (1.17.2-x86_64-linux-musl) sha256=97c0eb3981414309285a64dc4d466bd149e981c279a56371ef811395d68cb95c
  ffi-rzmq (2.0.7) sha256=2feb3bc5bf46df633e2211514ac408521df0c198f54134fdb38322675d9f4591
  ffi-rzmq-core (1.0.7) sha256=6541625a0f80016e4cb1b22a68b3870bd711c30de7d77625d8d6c92be95eb32a
  fiber-local (1.1.0) sha256=c885f94f210fb9b05737de65d511136ea602e00c5105953748aa0f8793489f06
  fiber-storage (1.0.1) sha256=f48e5b6d8b0be96dac486332b55cee82240057065dc761c1ea692b2e719240e1
  git (1.19.1) sha256=b0a422d9f6517353c48a330d6114de4db9e0c82dbe7202964a1d9f1fbc827d70
  gnuplot (2.6.2) sha256=d2c28d4a55867ef6f0a5725ce157581917b4d27417bc3767c7c643a828416bb3
  google-protobuf (4.33.1) sha256=81d9bcab7a00b30a3fd042e78fcb113a0a0f564b474c64eddc378bf0558c44ec
  google-protobuf (4.33.1-aarch64-linux-gnu) sha256=b06101ce690ac0072b424d014f708f86c6dc0b55046b4a9462be56738476bff2
  google-protobuf (4.33.1-aarch64-linux-musl) sha256=e3997ef84030af7d24e9f6015fc38bccc0bebe137cbf705b74b0ccd3e2e59e4a
  google-protobuf (4.33.1-arm64-darwin) sha256=1d86489ed6b21d51b9eb66ca41ab26c243e01193d44bba2be4963e2ad0992103
  google-protobuf (4.33.1-x86-linux-gnu) sha256=bfd4a7fd32b84b639f1aa0346e5689ad671ab8c11b3aab5dcf565df26de6063d
  google-protobuf (4.33.1-x86-linux-musl) sha256=3adf85756d9556d8d885f04853a520b0560fddc6cf7e63fdb8382eb145991c89
  google-protobuf (4.33.1-x86_64-darwin) sha256=7df6d94315bbf5fdd60d8c3122308e42f4d5c9736417bdc31f3e62f29042f102
  google-protobuf (4.33.1-x86_64-linux-gnu) sha256=8205efe9313f19b5106a912b3c2146d6da5681a2a3427d361613a8f20f3e3750
  google-protobuf (4.33.1-x86_64-linux-musl) sha256=6c6d6dc2cc560f00d912176db2788bf945f83dff5f5751d3245a97f55ddf0b1d
  googleapis-common-protos-types (1.22.0) sha256=f97492b77bd6da0018c860d5004f512fe7cd165554d7019a8f4df6a56fbfc4c7
  grpc (1.76.0) sha256=112416fa42153aee440fd1b975de4b2bf746656df071bace97c197a6b5575598
  grpc (1.76.0-aarch64-linux-gnu) sha256=25159422ade5690adc1cbefac0d102395378d5aadf143817611e7bd08de06eff
  grpc (1.76.0-aarch64-linux-musl) sha256=38ecb67c40ee550723a38d9dfdf676d8d21d81429a5144ce7b78ae896f2e8e53
  grpc (1.76.0-arm64-darwin) sha256=c23f30c2e6a51bb75d8f617b028453e66e09665d8bf571d99c7be1b1f9dd2b59
  grpc (1.76.0-x86-linux-gnu) sha256=ccd532d55c23e5e8973d86051092d87ce0754b668d4606d4666e36d5db0c6187
  grpc (1.76.0-x86-linux-musl) sha256=511a111389d2cbbfef153fa3a0259a535bb87ba231088feb775c9098e19eb7c3
  grpc (1.76.0-x86_64-darwin) sha256=60a70eb9c0660d6ea2d79aad26c9aac696b34c3ece36200f292f669d16283bec
  grpc (1.76.0-x86_64-linux-gnu) sha256=1561c852903617acae0a9ef9011bcf313054ba65c5528519b002a9f6b4d5c024
  grpc (1.76.0-x86_64-linux-musl) sha256=b942a6ae0828e0e696ce26d8b797167314ae7633810c41dd09b45c2176f966cd
  hcl_parser (0.2.2) sha256=529e5a84d6efb7bf5b1a29fa3c0e47787fcf11566581e8009ffda0e0532ca525
  highline (1.7.10) sha256=1e147d5d20f1ad5b0e23357070d1e6d0904ae9f71c3c49e0234cf682ae3c2b06
  i18n (0.9.5) sha256=43a58b55056ef171cae9b35df8aa5dee22d3a782f8a9bdd0ec8e8d36cfdf180d
  ipaddress (0.8.3) sha256=85640c4f9194c26937afc8c78e3074a8e7c97d5d1210358d1440f01034d006f5
  jmespath (1.6.2) sha256=238d774a58723d6c090494c8879b5e9918c19485f7e840f2c1c7532cf84ebcb1
  json (2.16.0) sha256=ca5630320bb5ca23ebfd0bac84532fab56eb357575653b815b9df42c051e1525
  lockfile (2.1.3) sha256=39cbf399299f140706481370292d941c70e34e98208a78f3739b7aee651c3236
  logger (1.7.0) sha256=196edec7cc44b66cfb40f9755ce11b392f21f7967696af15d274dde7edff0203
  mini_portile2 (2.8.9) sha256=0cd7c7f824e010c072e33f68bc02d85a00aeb6fce05bb4819c03dfd3c140c289
  minitest (5.26.2) sha256=f021118a6185b9ba9f5af71f2ba103ad770c75afde9f2ab8da512677c550cde3
  multi_json (1.18.0) sha256=23f70cf73e2895a33e6d10f0ec955b28ef5627ca4bbad0f292e7d16f4675596f
  multipart-post (2.4.1) sha256=9872d03a8e552020ca096adadbf5e3cb1cd1cdd6acd3c161136b8a5737cdb4a8
  mustermann (3.0.4) sha256=85fadcb6b3c6493a8b511b42426f904b7f27b282835502233dd154daab13aa22
  mysql2 (0.5.7) sha256=ba09ede515a0ae8a7192040a1b778c0fb0f025fa5877e9be895cd325fa5e9d7b
  net-ldap (0.20.0) sha256=b2080b350753a9ac4930869ded8e61a1d2151c01e03b0bf07b4675cbd9ce5372
  nio4r (2.7.5) sha256=6c90168e48fb5f8e768419c93abb94ba2b892a1d0602cb06eef16d8b7df1dca1
  nokogiri (1.18.10) sha256=d5cc0731008aa3b3a87b361203ea3d19b2069628cb55e46ac7d84a0445e69cc1
  nokogiri (1.18.10-aarch64-linux-gnu) sha256=7fb87235d729c74a2be635376d82b1d459230cc17c50300f8e4fcaabc6195344
  nokogiri (1.18.10-aarch64-linux-musl) sha256=7e74e58314297cc8a8f1b533f7212d1999dbe2639a9ee6d97b483ea2acc18944
  nokogiri (1.18.10-arm-linux-gnu) sha256=51f4f25ab5d5ba1012d6b16aad96b840a10b067b93f35af6a55a2c104a7ee322
  nokogiri (1.18.10-arm-linux-musl) sha256=1c6ea754e51cecc85c30ee8ab1e6aa4ce6b6e134d01717e9290e79374a9e00aa
  nokogiri (1.18.10-arm64-darwin) sha256=c2b0de30770f50b92c9323fa34a4e1cf5a0af322afcacd239cd66ee1c1b22c85
  nokogiri (1.18.10-x86_64-darwin) sha256=536e74bed6db2b5076769cab5e5f5af0cd1dccbbd75f1b3e1fa69d1f5c2d79e2
  nokogiri (1.18.10-x86_64-linux-gnu) sha256=ff5ba26ba2dbce5c04b9ea200777fd225061d7a3930548806f31db907e500f72
  nokogiri (1.18.10-x86_64-linux-musl) sha256=0651fccf8c2ebbc2475c8b1dfd7ccac3a0a6d09f8a41b72db8c21808cb483385
  optimist (3.2.1) sha256=8cf8a0fd69f3aa24ab48885d3a666717c27bc3d9edd6e976e18b9d771e72e34e
  ostruct (0.6.3) sha256=95a2ed4a4bd1d190784e666b47b2d3f078e4a9efda2fccf18f84ddc6538ed912
  ox (2.14.23) sha256=4a9aedb4d6c78c5ebac1d7287dc7cc6808e14a8831d7adb727438f6a1b461b66
  parse-cron (0.1.4) sha256=0f9e320ee62e668160f3de7c2dcfaac7a7cd57e77dc6909645a8e615444cd209
  polyglot (0.3.5) sha256=59d66ef5e3c166431c39cb8b7c1d02af419051352f27912f6a43981b3def16af
  prometheus-client (4.2.5) sha256=807bebc3e92ccd9f4d814d90be15e85338f3708d227badf80924ef3f6e7d5225
  public_suffix (7.0.0) sha256=f7090b5beb0e56f9f10d79eed4d5fbe551b3b425da65877e075dad47a6a1b095
  puma (7.1.0) sha256=e45c10cb124f224d448c98db653a75499794edbecadc440ad616cf50f2fd49dd
  racc (1.8.1) sha256=4a7f6929691dbec8b5209a0b373bc2614882b55fc5d2e447a21aaa691303d62f
  rack (3.2.4) sha256=5d74b6f75082a643f43c1e76b419c40f0e5527fcfee1e669ac1e6b73c0ccb6f6
  rack-protection (4.2.1) sha256=cf6e2842df8c55f5e4d1a4be015e603e19e9bc3a7178bae58949ccbb58558bac
  rack-session (2.1.1) sha256=0b6dc07dea7e4b583f58a48e8b806d4c9f1c6c9214ebc202ec94562cbea2e4e9
  rackup (2.2.1) sha256=f737191fd5c5b348b7f0a4412a3b86383f88c43e13b8217b63d4c8d90b9e798d
  rake (13.3.1) sha256=8c9e89d09f66a26a01264e7e3480ec0607f0c497a861ef16063604b1b08eb19c
  rbvmomi2 (3.8.0) sha256=b25c0e0a5d0c28db116656d66fba496fec37fdac5925ab9b5754a2b3b09d5fde
  rchardet (1.10.0) sha256=d5ea2ed61a720a220f1914778208e718a0c7ed2a484b6d357ba695aa7001390f
  rexml (3.4.4) sha256=19e0a2c3425dfbf2d4fc1189747bdb2f849b6c5e74180401b15734bc97b5d142
  rhcl (0.1.0) sha256=64200b690c89ae299e88b890df63586052e1b90b57eeec32b6150d927cbafdb0
  ruby-augeas (0.6.0) sha256=002bd237d8dce4b918384cc3043254bf5264efe81f663d1c9ac7b41cbe4df8d2
  ruby-saml (1.18.1) sha256=1b0e7a44aef150b4197955f5e015d593672e242cfdc5d06aa7554ec2350b9107
  ruby2_keywords (0.0.5) sha256=ffd13740c573b7301cf7a2e61fc857b2a8e3d3aff32545d6f8300d8bae10e3ef
  sequel (5.99.0) sha256=a4613a1961a47a0eb6acdcc0351fe819bf24876a88fc06172a9cee5db370ea42
  sinatra (4.2.1) sha256=b7aeb9b11d046b552972ade834f1f9be98b185fa8444480688e3627625377080
  sinatra-contrib (4.2.1) sha256=10d091c944d268aa910c618ea40a3c3ebe0533e6e32990d84af92235a3d26b4a
  sqlite3 (2.8.1) sha256=acd0ac7912a4d92b2484b5befb6faa8d496497eb1e38bdbe8d7818fb8d05d726
  sqlite3 (2.8.1-aarch64-linux-gnu) sha256=9bce166d3e3595a42fc92c28d986ea11d499b55be8bd1cd491be04af30029543
  sqlite3 (2.8.1-aarch64-linux-musl) sha256=34912f6acf3e9c43c7998c6f99ba3146708e654cf9716b2983e260315cdeed72
  sqlite3 (2.8.1-arm-linux-gnu) sha256=9118d6abb5ca7ea4f1b50a6c42c763e612670f5eb673bbdf12e8d3bd63339bde
  sqlite3 (2.8.1-arm-linux-musl) sha256=48a50815521f812713310190589a8ae196fa48b70b62b72f5766bafebae77e33
  sqlite3 (2.8.1-arm64-darwin) sha256=3cb617640577ec9c1b7c09744d1e368ad3d3851c2494540f5f007387da943477
  sqlite3 (2.8.1-x86-linux-gnu) sha256=698f51acbc6bafc53cd30502a66ade93d66331d211611bb94ea8ea08579c4be1
  sqlite3 (2.8.1-x86-linux-musl) sha256=e2dd968b2dbc4c2eeb65a5f26b5a4b2ed960c2624c2b8afc8fe3061d2f2115d7
  sqlite3 (2.8.1-x86_64-darwin) sha256=0028f5dd0b7a1ee6f1dadf31fc632abf7d815cb0baa0606549634fa45578f92e
  sqlite3 (2.8.1-x86_64-linux-gnu) sha256=878f4a0c5c2c4d9d4345afe2a142a87805f388a24aa8a3c2dfe2f964d7686b7a
  sqlite3 (2.8.1-x86_64-linux-musl) sha256=0c191ddfd71437b439e107a0d148630bef29a1eebd7b28bcc931470c328f657d
  thread_safe (0.3.6) sha256=9ed7072821b51c57e8d6b7011a8e282e25aeea3a4065eab326e43f66f063b05a
  tilt (2.6.1) sha256=35a99bba2adf7c1e362f5b48f9b581cce4edfba98117e34696dde6d308d84770
  timers (4.4.0) sha256=a92f43cbec26219b17a52c86501557486569bd5d01975cbca4315203cfc0ade7
  treetop (1.6.18) sha256=a3043f32f1c652aa2abdf3a3848edb2d2f69897257af2675516ac61355c183da
  tzinfo (1.2.11) sha256=6501f6a12175ca0243118b83f7c7c2b7978aaec7a0980550a124d007ad6361b6
  uuidtools (3.0.0) sha256=47a3d4d20e728f522c675be8bc4e001252db39864c97deb194dc543b153a4be8
  webrick (1.9.2) sha256=beb4a15fc474defed24a3bda4ffd88a490d517c9e4e6118c3edce59e45864131
  xmlrpc (0.3.3) sha256=ec3d46bc63a44920ac2d67c49399fd493295ff98cb96adf25e59eaa718b38e3b
  zeitwerk (2.7.3) sha256=b2e86b4a9b57d26ba68a15230dcc7fe6f040f06831ce64417b0621ad96ba3e85

RUBY VERSION
  ruby 3.2.3

BUNDLED WITH
  4.0.0
