# This file is autogenerated, do not edit; changes may be undone by the next 'dep ensure'.


[[projects]]
  branch = "master"
  digest = "1:6da51e5ec493ad2b44cb04129e2d0a068c8fb9bd6cb5739d199573558696bb94"
  name = "github.com/Azure/go-ansiterm"
  packages = [
    ".",
    "winterm",
  ]
  pruneopts = "T"
  revision = "d6e3b3328b783f23731bc4d058875b0371ff8109"

[[projects]]
  branch = "master"
  digest = "1:b840a9bf57916f264fe100c8875f9c331656e758bddd3c6ea55116e7274eaadd"
  name = "github.com/OpenNebula/one"
  packages = [
    "src/oca/go/src/goca",
    "src/oca/go/src/goca/dynamic",
    "src/oca/go/src/goca/errors",
    "src/oca/go/src/goca/parameters",
    "src/oca/go/src/goca/schemas/acl",
    "src/oca/go/src/goca/schemas/cluster",
    "src/oca/go/src/goca/schemas/datastore",
    "src/oca/go/src/goca/schemas/document",
    "src/oca/go/src/goca/schemas/group",
    "src/oca/go/src/goca/schemas/host",
    "src/oca/go/src/goca/schemas/image",
    "src/oca/go/src/goca/schemas/marketplace",
    "src/oca/go/src/goca/schemas/marketplaceapp",
    "src/oca/go/src/goca/schemas/securitygroup",
    "src/oca/go/src/goca/schemas/shared",
    "src/oca/go/src/goca/schemas/template",
    "src/oca/go/src/goca/schemas/user",
    "src/oca/go/src/goca/schemas/vdc",
    "src/oca/go/src/goca/schemas/virtualnetwork",
    "src/oca/go/src/goca/schemas/virtualrouter",
    "src/oca/go/src/goca/schemas/vm",
    "src/oca/go/src/goca/schemas/vmgroup",
    "src/oca/go/src/goca/schemas/vntemplate",
    "src/oca/go/src/goca/schemas/zone",
  ]
  pruneopts = "T"
  revision = "master"

[[projects]]
  branch = "master"
  digest = "1:68a65f52f6ccdea4f1478fe78c81c335839c65f2d8eb314f1146dcfb6986df99"
  name = "github.com/docker/docker"
  packages = [
    "pkg/term",
    "pkg/term/windows",
  ]
  pruneopts = "T"
  revision = "0c1006f1abc1af7aa6b9847754370d054dfa6c68"

[[projects]]
  digest = "1:1e6be0a7617caffa7850e097c9ba53192b8bce152b27c8f3cbcbd093657106fb"
  name = "github.com/docker/machine"
  packages = [
    "libmachine/drivers",
    "libmachine/drivers/plugin",
    "libmachine/drivers/plugin/localbinary",
    "libmachine/drivers/rpc",
    "libmachine/log",
    "libmachine/mcnflag",
    "libmachine/mcnutils",
    "libmachine/ssh",
    "libmachine/state",
    "libmachine/version",
    "version",
  ]
  pruneopts = "T"
  revision = "89b833253d9412716a0291cbdccc94454c33d1b5"
  version = "v0.14.0"

[[projects]]
  digest = "1:af105c7c5dc0b4ae41991f122cae860b9600f7d226072c2a83127048c991660c"
  name = "github.com/hashicorp/go-cleanhttp"
  packages = ["."]
  pruneopts = "T"
  revision = "eda1e5db218aad1db63ca4642c8906b26bcf2744"
  version = "v0.5.1"

[[projects]]
  branch = "master"
  digest = "1:07c2b6d639ff6288a4c1ee3f8525d8330571588464a22e3173e6f26dc6f1278c"
  name = "github.com/kolo/xmlrpc"
  packages = []
  pruneopts = "T"
  revision = "07c4ee3fd1817e1a90254d5b80f215b36b78f800"

[[projects]]
  digest = "1:047075087eff9bcda0806c636c479fae29b9ae55da320d3d961eb5d3203e2a75"
  name = "github.com/sirupsen/logrus"
  packages = ["."]
  pruneopts = "T"
  revision = "c155da19408a8799da419ed3eeb0cb5db0ad5dbc"
  version = "v1.0.5"

[[projects]]
  branch = "master"
  digest = "1:159dcb22f15495dfd14932f0a33fee345213c9e9f4d03e6766ce0b9a9daf90aa"
  name = "golang.org/x/crypto"
  packages = [
    "curve25519",
    "ed25519",
    "ed25519/internal/edwards25519",
    "internal/chacha20",
    "poly1305",
    "ssh",
    "ssh/terminal",
  ]
  pruneopts = "T"
  revision = "c3a3ad6d03f7a915c0f7e194b7152974bb73d287"

[[projects]]
  branch = "master"
  digest = "1:8b8bf3935095819181d708503da0b18cf006c9bcee116ad918d993f6a927616f"
  name = "golang.org/x/net"
  packages = [
    "html",
    "html/atom",
  ]
  pruneopts = "T"
  revision = "6078986fec03a1dcc236c34816c71b0e05018fda"

[[projects]]
  branch = "master"
  digest = "1:fe307d6b5a21c03664df0421fc56516b2ed11138d4af4646dced7618267e7c36"
  name = "golang.org/x/sys"
  packages = [
    "unix",
    "windows",
  ]
  pruneopts = "T"
  revision = "7ceb54c8418b8f9cdf0177b511d5cbb06e9fae39"

[[projects]]
  branch = "v2"
  digest = "1:2a678d87732dac72785bc884cc4f7177655c54fe759d559140d665705edbf9fa"
  name = "gopkg.in/xmlpath.v2"
  packages = ["."]
  pruneopts = "T"
  revision = "860cbeca3ebcc600db0b213c0e83ad6ce91f5739"

[solve-meta]
  analyzer-name = "dep"
  analyzer-version = 1
  input-imports = [
    "github.com/OpenNebula/one/src/oca/go/src/goca",
    "github.com/OpenNebula/one/src/oca/go/src/goca/dynamic",
    "github.com/docker/machine/libmachine/drivers",
    "github.com/docker/machine/libmachine/drivers/plugin",
    "github.com/docker/machine/libmachine/log",
    "github.com/docker/machine/libmachine/mcnflag",
    "github.com/docker/machine/libmachine/ssh",
    "github.com/docker/machine/libmachine/state",
    "github.com/kolo/xmlrpc",
    "gopkg.in/xmlpath.v2",
  ]
  solver-name = "gps-cdcl"
  solver-version = 1
