GEM
  remote: https://rubygems.org/
  specs:
    activesupport (4.2.11.1)
      i18n (~> 0.7)
      minitest (~> 5.1)
      thread_safe (~> 0.3, >= 0.3.4)
      tzinfo (~> 1.1)
    addressable (2.7.0)
      public_suffix (>= 2.0.2, < 5.0)
    amazon-ec2 (0.9.17)
      xml-simple (>= 1.0.12)
    augeas (0.6.4)
    aws-eventstream (1.0.3)
    aws-partitions (1.289.0)
    aws-sdk-core (3.92.0)
      aws-eventstream (~> 1.0, >= 1.0.2)
      aws-partitions (~> 1, >= 1.239.0)
      aws-sigv4 (~> 1.1)
      jmespath (~> 1.0)
    aws-sdk-ec2 (1.151.0)
      aws-sdk-core (~> 3, >= 3.71.0)
      aws-sigv4 (~> 1.1)
    aws-sigv4 (1.1.1)
      aws-eventstream (~> 1.0, >= 1.0.2)
    azure_mgmt_compute (0.19.1)
      ms_rest_azure (~> 0.11.1)
    azure_mgmt_monitor (0.17.5)
      ms_rest_azure (~> 0.11.1)
    azure_mgmt_network (0.23.1)
      ms_rest_azure (~> 0.11.1)
    azure_mgmt_resources (0.17.8)
      ms_rest_azure (~> 0.11.1)
    azure_mgmt_storage (0.19.3)
      ms_rest_azure (~> 0.11.1)
    builder (3.2.4)
    chunky_png (1.3.11)
    concurrent-ruby (1.1.6)
    configparser (0.1.7)
    curb (0.9.10)
    daemons (1.3.1)
    dalli (2.7.10)
    domain_name (0.5.20190701)
      unf (>= 0.0.5, < 1.0.0)
    eventmachine (1.2.7)
    faraday (0.17.3)
      multipart-post (>= 1.2, < 3)
    faraday-cookie_jar (0.0.6)
      faraday (>= 0.7.4)
      http-cookie (~> 1.0.0)
    faraday_middleware (0.14.0)
      faraday (>= 0.7.4, < 1.0)
    ffi (1.12.2)
    ffi-rzmq (2.0.7)
      ffi-rzmq-core (>= 1.0.7)
    ffi-rzmq-core (1.0.7)
      ffi
    hashie (3.6.0)
    highline (1.7.10)
    http-cookie (1.0.3)
      domain_name (~> 0.5)
    i18n (0.9.5)
      concurrent-ruby (~> 1.0)
    inflection (1.0.0)
    ipaddress (0.8.3)
    jmespath (1.4.0)
    json (2.3.0)
    memcache-client (1.8.5)
    mime-types (3.3.1)
      mime-types-data (~> 3.2015)
    mime-types-data (3.2019.1009)
    mini_portile2 (2.1.0)
    minitest (5.11.3)
    ms_rest (0.7.6)
      concurrent-ruby (~> 1.0)
      faraday (>= 0.9, < 2.0.0)
      timeliness (~> 0.3.10)
    ms_rest_azure (0.11.2)
      concurrent-ruby (~> 1.0)
      faraday (>= 0.9, < 2.0.0)
      faraday-cookie_jar (~> 0.0.6)
      ms_rest (~> 0.7.6)
      unf_ext (= 0.0.7.2)
    multipart-post (2.1.1)
    mysql2 (0.5.3)
    net-ldap (0.16.2)
    nokogiri (1.6.8.1)
      mini_portile2 (~> 2.1.0)
    optimist (3.0.0)
    ox (2.13.2)
    parse-cron (0.1.4)
    pg (1.1.4)
    polyglot (0.3.5)
    public_suffix (2.0.5)
    rack (1.6.13)
    rack-protection (1.5.5)
      rack
    rbvmomi (2.2.0)
      builder (~> 3.0)
      json (>= 1.8)
      nokogiri (~> 1.5)
      optimist (~> 3.0)
    rotp (5.1.0)
      addressable (~> 2.5)
    rqrcode (0.10.1)
      chunky_png (~> 1.0)
    scrub_rb (1.0.1)
    sequel (5.30.0)
    sinatra (1.4.8)
      rack (~> 1.5)
      rack-protection (~> 1.4)
      tilt (>= 1.3, < 3)
    sqlite3 (1.4.2)
    thin (1.7.2)
      daemons (~> 1.0, >= 1.0.9)
      eventmachine (~> 1.0, >= 1.0.4)
      rack (>= 1, < 3)
    thread_safe (0.3.6)
    tilt (2.0.10)
    timeliness (0.3.10)
    treetop (1.6.10)
      polyglot (~> 0.3)
    tzinfo (1.2.6)
      thread_safe (~> 0.1)
    unf (0.1.4)
      unf_ext
    unf_ext (0.0.7.2)
    uuidtools (2.1.5)
    xml-simple (1.1.5)
    zendesk_api (1.16.0)
      faraday (~> 0.9)
      hashie (>= 3.5.2, < 4.0.0)
      inflection
      mime-types
      multipart-post (~> 2.0)

PLATFORMS
  ruby

DEPENDENCIES
  activesupport (~> 4.2)
  amazon-ec2
  augeas (~> 0.6)
  aws-sdk-ec2 (>= 1.151)
  azure_mgmt_compute
  azure_mgmt_monitor
  azure_mgmt_network
  azure_mgmt_resources
  azure_mgmt_storage
  configparser
  curb
  dalli
  faraday (~> 0.15)
  faraday_middleware (~> 0.12)
  ffi-rzmq (~> 2.0.7)
  highline (~> 1.7)
  i18n (~> 0.9)
  ipaddress (~> 0.8.3)
  json
  memcache-client
  minitest (< 5.12.0)
  mysql2
  net-ldap
  nokogiri (< 1.7)
  ox
  parse-cron
  pg (< 1.2.0)
  public_suffix (< 3.0.0)
  rack (< 2.0.0)
  rbvmomi (~> 2.2.0)
  rotp
  rqrcode (< 1.0.0)
  scrub_rb
  sequel
  sinatra
  sqlite3
  thin
  treetop (>= 1.6.3)
  uuidtools
  zendesk_api (< 1.17.0)

BUNDLED WITH
   1.17.3
