hash: ac9bb59552226f818b59a1f54831140c20901e060de067f144f54d4e100d0e12
updated: 2017-11-28T12:03:57.539724958+01:00
imports:
- name: github.com/kolo/xmlrpc
  version: 0826b98aaa29c0766956cb40d45cf7482a597671
- name: golang.org/x/net
  version: fc492d2e106922eb3aa4bca863d55e882c087ae3
  subpackages:
  - html
  - html/atom
- name: gopkg.in/xmlpath.v2
  version: 860cbeca3ebcc600db0b213c0e83ad6ce91f5739
testImports: []
