hash: 6a42391db781b910fc0600420cc578feca12055fd5d9eddb5ac4dd101c63ef28
updated: 2019-03-07T11:20:45.37225322+01:00
imports:
- name: github.com/hashicorp/go-cleanhttp
  version: e8ab9daed8d1ddd2d3c4efba338fe2eeae2e4f18
- name: github.com/kolo/xmlrpc
  version: 16bdd962781df9696f40cc2bab924f1a855a7f89
testImports:
- name: gopkg.in/check.v1
  version: 788fd78401277ebd861206a03c884797c6ec5541
