github.com/hashicorp/go-cleanhttp v0.5.1 h1:dH3aiDG9Jvb5r5+bYHsikaOUIpcM0xvgMXVoDkXMzJM=
github.com/hashicorp/go-cleanhttp v0.5.1/go.mod h1:JpRdi6/HCYpAwUzNwuwqhbovhLtngrth3wmdIIUrZ80=
github.com/kolo/xmlrpc v0.0.0-20190717152603-07c4ee3fd181 h1:TrxPzApUukas24OMMVDUMlCs1XCExJtnGaDEiIAR4oQ=
github.com/kolo/xmlrpc v0.0.0-20190717152603-07c4ee3fd181/go.mod h1:o03bZfuBwAXHetKXuInt4S7omeXUu62/A845kiycsSQ=
